
Microsoft Visual Studio Solution File, Format Version 12.00
# Visual Studio Version 16
VisualStudioVersion = 16.0.30717.126
MinimumVisualStudioVersion = 10.0.40219.1
Project("{FAE04EC0-301F-11D3-BF4B-00C04F79EFBC}") = "CrudOperationDI", "CrudOperationDI\CrudOperationDI.csproj", "{7579C560-868A-45A7-BC8F-3379D2565B56}"
EndProject
Global
	GlobalSection(SolutionConfigurationPlatforms) = preSolution
		Debug|Any CPU = Debug|Any CPU
		Release|Any CPU = Release|Any CPU
	EndGlobalSection
	GlobalSection(ProjectConfigurationPlatforms) = postSolution
		{7579C560-868A-45A7-BC8F-3379D2565B56}.Debug|Any CPU.ActiveCfg = Debug|Any CPU
		{7579C560-868A-45A7-BC8F-3379D2565B56}.Debug|Any CPU.Build.0 = Debug|Any CPU
		{7579C560-868A-45A7-BC8F-3379D2565B56}.Release|Any CPU.ActiveCfg = Release|Any CPU
		{7579C560-868A-45A7-BC8F-3379D2565B56}.Release|Any CPU.Build.0 = Release|Any CPU
	EndGlobalSection
	GlobalSection(SolutionProperties) = preSolution
		HideSolutionNode = FALSE
	EndGlobalSection
	GlobalSection(ExtensibilityGlobals) = postSolution
		SolutionGuid = {B3AA2D62-0F8F-4CA9-A6C3-85BE07BD4733}
	EndGlobalSection
EndGlobal
